
Microsoft Visual Studio Solution File, Format Version 12.00
# Visual Studio Version 17
VisualStudioVersion = 17.1.32228.430
MinimumVisualStudioVersion = 10.0.40219.1
Project("{FAE04EC0-301F-11D3-BF4B-00C04F79EFBC}") = "Forage.Cli", "Forage.Cli\Forage.Cli.csproj", "{54E0D0C1-01DC-439B-9960-C8B9532C49E5}"
EndProject
Project("{FAE04EC0-301F-11D3-BF4B-00C04F79EFBC}") = "Forage.Common", "Forage.Common\Forage.Common.csproj", "{EE8F1B31-2B7D-4C5C-97C5-B8D0383C52F4}"
EndProject
Global
	GlobalSection(SolutionConfigurationPlatforms) = preSolution
		Debug|Any CPU = Debug|Any CPU
		Release|Any CPU = Release|Any CPU
	EndGlobalSection
	GlobalSection(ProjectConfigurationPlatforms) = postSolution
		{54E0D0C1-01DC-439B-9960-C8B9532C49E5}.Debug|Any CPU.ActiveCfg = Debug|Any CPU
		{54E0D0C1-01DC-439B-9960-C8B9532C49E5}.Debug|Any CPU.Build.0 = Debug|Any CPU
		{54E0D0C1-01DC-439B-9960-C8B9532C49E5}.Release|Any CPU.ActiveCfg = Release|Any CPU
		{54E0D0C1-01DC-439B-9960-C8B9532C49E5}.Release|Any CPU.Build.0 = Release|Any CPU
		{EE8F1B31-2B7D-4C5C-97C5-B8D0383C52F4}.Debug|Any CPU.ActiveCfg = Debug|Any CPU
		{EE8F1B31-2B7D-4C5C-97C5-B8D0383C52F4}.Debug|Any CPU.Build.0 = Debug|Any CPU
		{EE8F1B31-2B7D-4C5C-97C5-B8D0383C52F4}.Release|Any CPU.ActiveCfg = Release|Any CPU
		{EE8F1B31-2B7D-4C5C-97C5-B8D0383C52F4}.Release|Any CPU.Build.0 = Release|Any CPU
	EndGlobalSection
	GlobalSection(SolutionProperties) = preSolution
		HideSolutionNode = FALSE
	EndGlobalSection
	GlobalSection(ExtensibilityGlobals) = postSolution
		SolutionGuid = {B7E32083-8FC2-4C08-BA7B-A6F39514FE10}
	EndGlobalSection
EndGlobal
